
Microsoft Visual Studio Solution File, Format Version 12.00
# Visual Studio Version 16
VisualStudioVersion = 16.0.30114.105
MinimumVisualStudioVersion = 10.0.40219.1
Project("{FAE04EC0-301F-11D3-BF4B-00C04F79EFBC}") = "Backend.Api", "Backend.Api\Backend.Api.csproj", "{D1CE5B00-3A2B-4E1E-9187-A27E7C59A7D0}"
EndProject
Project("{FAE04EC0-301F-11D3-BF4B-00C04F79EFBC}") = "Backend.Api.Test", "Backend.Api.Test\Backend.Api.Test.csproj", "{60762016-942D-46AB-A9F2-8C343E728259}"
EndProject
Global
	GlobalSection(SolutionConfigurationPlatforms) = preSolution
		Debug|Any CPU = Debug|Any CPU
		Release|Any CPU = Release|Any CPU
	EndGlobalSection
	GlobalSection(SolutionProperties) = preSolution
		HideSolutionNode = FALSE
	EndGlobalSection
	GlobalSection(ProjectConfigurationPlatforms) = postSolution
		{D1CE5B00-3A2B-4E1E-9187-A27E7C59A7D0}.Debug|Any CPU.ActiveCfg = Debug|Any CPU
		{D1CE5B00-3A2B-4E1E-9187-A27E7C59A7D0}.Debug|Any CPU.Build.0 = Debug|Any CPU
		{D1CE5B00-3A2B-4E1E-9187-A27E7C59A7D0}.Release|Any CPU.ActiveCfg = Release|Any CPU
		{D1CE5B00-3A2B-4E1E-9187-A27E7C59A7D0}.Release|Any CPU.Build.0 = Release|Any CPU
		{60762016-942D-46AB-A9F2-8C343E728259}.Debug|Any CPU.ActiveCfg = Debug|Any CPU
		{60762016-942D-46AB-A9F2-8C343E728259}.Debug|Any CPU.Build.0 = Debug|Any CPU
		{60762016-942D-46AB-A9F2-8C343E728259}.Release|Any CPU.ActiveCfg = Release|Any CPU
		{60762016-942D-46AB-A9F2-8C343E728259}.Release|Any CPU.Build.0 = Release|Any CPU
	EndGlobalSection
EndGlobal
